# This file is generated by running "yarn install" inside your project.
# Manual changes might be lost - proceed with caution!

__metadata:
  version: 7
  cacheKey: 9

"@cspotcode/source-map-support@npm:^0.8.0":
  version: 0.8.1
  resolution: "@cspotcode/source-map-support@npm:0.8.1"
  dependencies:
    "@jridgewell/trace-mapping": "npm:0.3.9"
  checksum: 4327d8e6e4347897f5baf265c43ff094260a3ad7b53920fa07472aa18699ba7d570e5171082e88d19e4b5cce6f35cc1666b1c8ccb8b74d67e4f482395b8c511d
  languageName: node
  linkType: hard

"@jridgewell/resolve-uri@npm:^3.0.3":
  version: 3.1.0
  resolution: "@jridgewell/resolve-uri@npm:3.1.0"
  checksum: 6b641bb7e25bc92a9848898cc91a77a390f393f086297ec2336d911387bdd708919c418e74a22732cfc21d0e7300b94306f437d2e9de5ab58b33ebc6c39d6f9d
  languageName: node
  linkType: hard

"@jridgewell/sourcemap-codec@npm:^1.4.10":
  version: 1.4.14
  resolution: "@jridgewell/sourcemap-codec@npm:1.4.14"
  checksum: 2147ea75c966fed8a7d9ed6679b7e8c380fa790a9bea5a64f4ec1c26d24e44b461aa60fc3b228cea03a46708d9d1bcf19508035bf27ad5e8f63d0998ed1d1117
  languageName: node
  linkType: hard

"@jridgewell/trace-mapping@npm:0.3.9":
  version: 0.3.9
  resolution: "@jridgewell/trace-mapping@npm:0.3.9"
  dependencies:
    "@jridgewell/resolve-uri": "npm:^3.0.3"
    "@jridgewell/sourcemap-codec": "npm:^1.4.10"
  checksum: 542c5f0f0ae874121e9de649581f9619cc0c65e33292e1285f1233f5ff3e41e6f4f216d69a4c3f800b4d6db208ff6c710307e19e1ff170ed5304807e346e6cf9
  languageName: node
  linkType: hard

"@tsconfig/node10@npm:^1.0.7":
  version: 1.0.9
  resolution: "@tsconfig/node10@npm:1.0.9"
  checksum: 6ec0cadbcd7942f64b5d00c4b19ff783410a5f1511c1feefa8e99b5df1e57776c4f2ce058870c9d982a4ca460051dbd2a5e57d11989aab40f6c68e98c92b6d14
  languageName: node
  linkType: hard

"@tsconfig/node12@npm:^1.0.7":
  version: 1.0.11
  resolution: "@tsconfig/node12@npm:1.0.11"
  checksum: 2ba331a89b6778df0fb49ab0ba3e809c0a0d5ca3d9f898ba4a0a276043616b6047aec5dd4a5d1ae9a09ff267bcddbbc96d968857e6690583fd474a58c25c2e1c
  languageName: node
  linkType: hard

"@tsconfig/node14@npm:^1.0.0":
  version: 1.0.3
  resolution: "@tsconfig/node14@npm:1.0.3"
  checksum: 8d04150cdfbe5b89be095586bfa35415800b694f9955274df16b1017e1cef9697467185b3f7c64ed588a7e8d48ff6f4cc3125c8265b5e3d4f757884dcc6facbc
  languageName: node
  linkType: hard

"@tsconfig/node16@npm:^1.0.2":
  version: 1.0.3
  resolution: "@tsconfig/node16@npm:1.0.3"
  checksum: 4280081089783dfeab00e5bc18ff55e11e8e4577d4626f34730a062c99ec4136fe6c2036e6f20ebe50b1c3e01bc29db6e2cfa9541a7b6dc99825ccbe8f7f8395
  languageName: node
  linkType: hard

"@types/aws-sdk@npm:^2.7.0":
  version: 2.7.0
  resolution: "@types/aws-sdk@npm:2.7.0"
  dependencies:
    aws-sdk: "npm:*"
  checksum: acf4a7c5b2a3e7a61dfd48677463ee5cfd59fcecc44289bde4cf9ccdd01acf30c755cb568000812b6b754f4923a91a28a2761faa0aee90c11ed1a0d29bee4ec3
  languageName: node
  linkType: hard

"@types/node@npm:^18.14.0":
  version: 18.14.0
  resolution: "@types/node@npm:18.14.0"
  checksum: d17dff07c712379d67af7750f1586b4840ade31ab814d04987aa25850f1d4ef29b63b9ed03a7a9dccee8c86106ca75ae3b6f8cdd17be3ef3f693e700b1ea437b
  languageName: node
  linkType: hard

"acorn-walk@npm:^8.1.1":
  version: 8.2.0
  resolution: "acorn-walk@npm:8.2.0"
  checksum: 389d3f19998ac0924a590485a6502b72059e3ab67cc820477c2c40cca06b6c50bb8d424bfbb8fe97955eb489b88cb5dc7ee6979fcf9321dce7eb451ba3456d3d
  languageName: node
  linkType: hard

"acorn@npm:^8.4.1":
  version: 8.8.2
  resolution: "acorn@npm:8.8.2"
  bin:
    acorn: bin/acorn
  checksum: 5a47325f0aa08202080cb167d5b8103720d8a1d199f57988afa48bdfbc3c9973270b00e38c2c874240a49929625beaaae8c4ec683f5272b5f07f1119a457e5d0
  languageName: node
  linkType: hard

"arg@npm:^4.1.0":
  version: 4.1.3
  resolution: "arg@npm:4.1.3"
  checksum: a60e3881540ab44af1058bf3c9bdbcdd45a82cb930299ae875e609b60b44435410d152b26d55816e8ef2cf1096cfa39271f5b1bd3dd931355f3f24f043dc7ca5
  languageName: node
  linkType: hard

"available-typed-arrays@npm:^1.0.5":
  version: 1.0.5
  resolution: "available-typed-arrays@npm:1.0.5"
  checksum: 6b301a7ec3da82181c73101395cc915c049bbcba7e5f354809dab60c5b492440929328eeb73c07431ef8e35e6fa5af505690b20ed91f548d3bac1a456d458a78
  languageName: node
  linkType: hard

"aws-sdk@npm:*, aws-sdk@npm:^2.1318.0":
  version: 2.1318.0
  resolution: "aws-sdk@npm:2.1318.0"
  dependencies:
    buffer: "npm:4.9.2"
    events: "npm:1.1.1"
    ieee754: "npm:1.1.13"
    jmespath: "npm:0.16.0"
    querystring: "npm:0.2.0"
    sax: "npm:1.2.1"
    url: "npm:0.10.3"
    util: "npm:^0.12.4"
    uuid: "npm:8.0.0"
    xml2js: "npm:0.4.19"
  checksum: bbd5761a438b2e15542a8619a45ece5ef3d8840dc008245e19544c15acf53070603fc957be525998e62e19c3f2244e301d35242ff62b6f70c4f2089b4a09e927
  languageName: node
  linkType: hard

"base64-js@npm:^1.0.2":
  version: 1.5.1
  resolution: "base64-js@npm:1.5.1"
  checksum: fbd7996978cfe0dd378103fa8999e4acee99b8840d49f452457fa8cb418bad4c20ec9ef6b196a0dc63591f0416a4b8c8d220607292cdaf3998b88685bc0f6c14
  languageName: node
  linkType: hard

"buffer@npm:4.9.2":
  version: 4.9.2
  resolution: "buffer@npm:4.9.2"
  dependencies:
    base64-js: "npm:^1.0.2"
    ieee754: "npm:^1.1.4"
    isarray: "npm:^1.0.0"
  checksum: baf84376f2cbef25d119e811a0f4188a8a03c2f0915d7062f3e32be1cb962a5b1bfc0bcc5f828b3203a2448b5b3beb96a40302e14133e741f476ebd59090b95e
  languageName: node
  linkType: hard

"call-bind@npm:^1.0.2":
  version: 1.0.2
  resolution: "call-bind@npm:1.0.2"
  dependencies:
    function-bind: "npm:^1.1.1"
    get-intrinsic: "npm:^1.0.2"
  checksum: 6fccea8a00310bf2e2b2a07aca0eddbdcd5de2eec9dfe880c1c8b0b7fd3c6809bf28aab0209aa530a35a2fba48587733521df7f83f8d5354047afed78b69a36b
  languageName: node
  linkType: hard

"create-require@npm:^1.1.0":
  version: 1.1.1
  resolution: "create-require@npm:1.1.1"
  checksum: 9db2a6d1a6e69929e4b18045910289a17543f9f07ba4d6027e9c3fdc4c985998cd4b6738a45675ab870287483832332d5aa75a1612c87230149d1fba568ae86a
  languageName: node
  linkType: hard

"diff@npm:^4.0.1":
  version: 4.0.2
  resolution: "diff@npm:4.0.2"
  checksum: 1b445113c0727e15646a058b2794df63366bd1e32abf078990b78c2a355fe72e4e3c8de3399f2c5d67f06cd461acdebd91b5f71cb2cd02f7300bdb926a3cd6e2
  languageName: node
  linkType: hard

"events@npm:1.1.1":
  version: 1.1.1
  resolution: "events@npm:1.1.1"
  checksum: 40e2695b33fe7bb9d117fd3c5497339dbe7caa072fbe04c5baf51e4a2661c479ba9f6dc5e8c9613764ed6a72295b85dc46d01ec49581e2468ab3e1895ce8700c
  languageName: node
  linkType: hard

"for-each@npm:^0.3.3":
  version: 0.3.3
  resolution: "for-each@npm:0.3.3"
  dependencies:
    is-callable: "npm:^1.1.3"
  checksum: dc4e3e28f5ee9472680b6361a85d0d27aa1e8ddbd1720dfb680020456cddc142ee7ba69145921fe12c4ec2d7740f12c1c6c7f90ecdd7ca2b39c7fcd8bc506ad6
  languageName: node
  linkType: hard

"function-bind@npm:^1.1.1":
  version: 1.1.1
  resolution: "function-bind@npm:1.1.1"
  checksum: 8a644b8118679030cb3aeb783b024a9ee358b15c5780bdb49fe5d482f6df54672bda860e19bce87d756a5e165740caaa96f5e8487fa98933c327f631e23a5490
  languageName: node
  linkType: hard

"get-intrinsic@npm:^1.0.2, get-intrinsic@npm:^1.1.3":
  version: 1.2.0
  resolution: "get-intrinsic@npm:1.2.0"
  dependencies:
    function-bind: "npm:^1.1.1"
    has: "npm:^1.0.3"
    has-symbols: "npm:^1.0.3"
  checksum: 6db1e521478d0a0f4e61c94c23e7a731b163d2904067b1b6efcac78e8b015404883dab4acb5570517df55aab6eb23eeef6a8d7310de76d9570fcbce4a3f80b18
  languageName: node
  linkType: hard

"gopd@npm:^1.0.1":
  version: 1.0.1
  resolution: "gopd@npm:1.0.1"
  dependencies:
    get-intrinsic: "npm:^1.1.3"
  checksum: c29f62be0655b0fb6d12d1ba77b1a40fee46fbb80f0a27e0538b696a0ac057899dd997b5aaf3c6daa02bd51af93ec7b8fe2ef7bbb44945c1ea3cf640e4b66cf7
  languageName: node
  linkType: hard

"has-symbols@npm:^1.0.2, has-symbols@npm:^1.0.3":
  version: 1.0.3
  resolution: "has-symbols@npm:1.0.3"
  checksum: 2d0abb3382da2945b1b8d9a4afebc8a0770fe07198e727b4fbd7f616c70796f040bf2bd8d6db47e0c590507812a2680594fc77f871238289f6c7870318cf62c9
  languageName: node
  linkType: hard

"has-tostringtag@npm:^1.0.0":
  version: 1.0.0
  resolution: "has-tostringtag@npm:1.0.0"
  dependencies:
    has-symbols: "npm:^1.0.2"
  checksum: b0091adb3db09932e228b5df39275018c5506ef5c5037beb691afe019919d174a79a14f1fc572e2b341e0ce3feaca49a84ed8fc331bb707325d8a7c4289cf729
  languageName: node
  linkType: hard

"has@npm:^1.0.3":
  version: 1.0.3
  resolution: "has@npm:1.0.3"
  dependencies:
    function-bind: "npm:^1.1.1"
  checksum: 3e8c4d87ccd9c160d61a5db829b5fb647acac79e482476c857d5d1dc580517c6a77cf84337808f28361f6263008ce1ce5aff44407bd9241af93c623ef8d8d4f1
  languageName: node
  linkType: hard

"ieee754@npm:1.1.13, ieee754@npm:^1.1.4":
  version: 1.1.13
  resolution: "ieee754@npm:1.1.13"
  checksum: 49d53ff5f9ac31f760044f784eb30b5a3b44b005f63eaa687be3103f80b89fd8f6323f89d8276180156dedf088b2857f86998a82a6bb00d36393cf53928f3491
  languageName: node
  linkType: hard

"inherits@npm:^2.0.3":
  version: 2.0.4
  resolution: "inherits@npm:2.0.4"
  checksum: ca76c7e45ec715bfe6c1dd67b780b9a15068f37b37ab56cf8b773537b2654238469a42950f5f4d301212755e7512be888f627752e778e1863d95cfedefc8b8bd
  languageName: node
  linkType: hard

"is-arguments@npm:^1.0.4":
  version: 1.1.1
  resolution: "is-arguments@npm:1.1.1"
  dependencies:
    call-bind: "npm:^1.0.2"
    has-tostringtag: "npm:^1.0.0"
  checksum: 3eae41e0267725f644140c795cdcefd265f2ed9f946d4e114b4ccf1f255f42afccfb6f8d79b0124e16cf59ec05841288439435140f9a4450d701f74a271c649c
  languageName: node
  linkType: hard

"is-callable@npm:^1.1.3":
  version: 1.2.7
  resolution: "is-callable@npm:1.2.7"
  checksum: 39d7787a6cd66d620ee4e9d09bb36587c29b39f50550d27dd7bea1d0d46b2a87ad9ac2b3d11f751836f08befc20afc4cb36201de1de26aaf02f298c8c512c102
  languageName: node
  linkType: hard

"is-generator-function@npm:^1.0.7":
  version: 1.0.10
  resolution: "is-generator-function@npm:1.0.10"
  dependencies:
    has-tostringtag: "npm:^1.0.0"
  checksum: 5ddb05cd61c043348eaee42bd003d52fa2307827dd1690e6cdb6b205a6b62750f4e41d34d0a6a84793dda6dc6b147405e0ba349e631996beea00631302e36294
  languageName: node
  linkType: hard

"is-typed-array@npm:^1.1.10, is-typed-array@npm:^1.1.3":
  version: 1.1.10
  resolution: "is-typed-array@npm:1.1.10"
  dependencies:
    available-typed-arrays: "npm:^1.0.5"
    call-bind: "npm:^1.0.2"
    for-each: "npm:^0.3.3"
    gopd: "npm:^1.0.1"
    has-tostringtag: "npm:^1.0.0"
  checksum: c42bdb03b501a76c1b307f087885bc700952fe1ae1f203264c52e3eb467c8a1f69527c5285bce0898eca66a892a988b94e609ea87bcb78f663c1ab57e6286016
  languageName: node
  linkType: hard

"isarray@npm:^1.0.0":
  version: 1.0.0
  resolution: "isarray@npm:1.0.0"
  checksum: 7b41a2a80d6285328dddeecd3e45a5c73264e8ff8817bb7dc39f6f47323dfaa28e27c13918aac4aa88e48800a4f1eee2e5e966da433e06085ef0a7592dcf6880
  languageName: node
  linkType: hard

"jmespath@npm:0.16.0":
  version: 0.16.0
  resolution: "jmespath@npm:0.16.0"
  checksum: b4c55b3ad888ff23161166798db7ae28664b3913442193909df9bc2b9f13f9f9a64a0a9713bf08db477051a3af17be52715f050ad6cfe948250effa0555cb06b
  languageName: node
  linkType: hard

"kinesis@workspace:.":
  version: 0.0.0-use.local
  resolution: "kinesis@workspace:."
  dependencies:
    "@types/aws-sdk": "npm:^2.7.0"
    "@types/node": "npm:^18.14.0"
    aws-sdk: "npm:^2.1318.0"
    ts-node: "npm:^10.9.1"
    typescript: "npm:^4.9.5"
  languageName: unknown
  linkType: soft

"make-error@npm:^1.1.1":
  version: 1.3.6
  resolution: "make-error@npm:1.3.6"
  checksum: 4b81ce1392495d554ce5fd28c8de95066642e5e1a5efd395e3b3413bc75068a025d8a567aefb0738ba6da18e73323ffde17794780f632fe4395e009aa9ebcc8a
  languageName: node
  linkType: hard

"punycode@npm:1.3.2":
  version: 1.3.2
  resolution: "punycode@npm:1.3.2"
  checksum: 55b7339478c7e0debfd563c404beb7c9af30f24e191bd728688523cf1dd901977acdb8bd9c6e1005d3d2fc0f40c7f907006735b139ad1cf595c16e071a1fd65a
  languageName: node
  linkType: hard

"querystring@npm:0.2.0":
  version: 0.2.0
  resolution: "querystring@npm:0.2.0"
  checksum: 5804c20d7ebf914b26b9fe3c9a4b4b3104d7ee803106ac7bd35b9edffdcd844ca3d4aceaf5e0b39654b6939ceeadebafb3a3975346cf98f7accea19aa97f04fa
  languageName: node
  linkType: hard

"sax@npm:1.2.1, sax@npm:>=0.6.0":
  version: 1.2.1
  resolution: "sax@npm:1.2.1"
  checksum: 379d2760898397b9d026ed5d465125c135d4e8a1be6309764f4d9aeddd593cd38e2d5e0bb998ec80e5021e24a89a57644eae19e23463c6807d4c0ca76295c225
  languageName: node
  linkType: hard

"ts-node@npm:^10.9.1":
  version: 10.9.1
  resolution: "ts-node@npm:10.9.1"
  dependencies:
    "@cspotcode/source-map-support": "npm:^0.8.0"
    "@tsconfig/node10": "npm:^1.0.7"
    "@tsconfig/node12": "npm:^1.0.7"
    "@tsconfig/node14": "npm:^1.0.0"
    "@tsconfig/node16": "npm:^1.0.2"
    acorn: "npm:^8.4.1"
    acorn-walk: "npm:^8.1.1"
    arg: "npm:^4.1.0"
    create-require: "npm:^1.1.0"
    diff: "npm:^4.0.1"
    make-error: "npm:^1.1.1"
    v8-compile-cache-lib: "npm:^3.0.1"
    yn: "npm:3.1.1"
  peerDependencies:
    "@swc/core": ">=1.2.50"
    "@swc/wasm": ">=1.2.50"
    "@types/node": "*"
    typescript: ">=2.7"
  peerDependenciesMeta:
    "@swc/core":
      optional: true
    "@swc/wasm":
      optional: true
  bin:
    ts-node: dist/bin.js
    ts-node-cwd: dist/bin-cwd.js
    ts-node-esm: dist/bin-esm.js
    ts-node-script: dist/bin-script.js
    ts-node-transpile-only: dist/bin-transpile.js
    ts-script: dist/bin-script-deprecated.js
  checksum: c4caff4b9bb7a3a44adbb64a38786ce4203c2ebceb8b5373b504d0826cf047f9f23105767a3e130e2f4078629f592a8332cfd8ee1061b57b7d159de49c7d8f6f
  languageName: node
  linkType: hard

"typescript@npm:^4.9.5":
  version: 4.9.5
  resolution: "typescript@npm:4.9.5"
  bin:
    tsc: bin/tsc
    tsserver: bin/tsserver
  checksum: 550217a465c00b1d7ef0e0ddc3a6a0b2ae1fd7c1b9f53cde5a1cfe56aa457c7a43fa83792c1b98b2185d2156d0467c9ad6f6600515ad4f4fc2acee54c4bd320e
  languageName: node
  linkType: hard

"typescript@patch:typescript@npm%3A^4.9.5#optional!builtin<compat/typescript>":
  version: 4.9.5
  resolution: "typescript@patch:typescript@npm%3A4.9.5#optional!builtin<compat/typescript>::version=4.9.5&hash=ad5954"
  bin:
    tsc: bin/tsc
    tsserver: bin/tsserver
  checksum: 4b4cb92afdc90f15413ef84d30de0a09649d1e795ac4c10e391c2cde92ef6444f6a34081e4536dc9ce5694a65f2424923871275c7e7d422537b0c09f18ed3fb4
  languageName: node
  linkType: hard

"url@npm:0.10.3":
  version: 0.10.3
  resolution: "url@npm:0.10.3"
  dependencies:
    punycode: "npm:1.3.2"
    querystring: "npm:0.2.0"
  checksum: 23ffc82bea6e5635bfcdbf550abf43583c14a12cda6274aedaebba501d97ea5c96c872bdb7486d202f142c84e3f5034b70d2662e15522aca3cedf57da6879c17
  languageName: node
  linkType: hard

"util@npm:^0.12.4":
  version: 0.12.5
  resolution: "util@npm:0.12.5"
  dependencies:
    inherits: "npm:^2.0.3"
    is-arguments: "npm:^1.0.4"
    is-generator-function: "npm:^1.0.7"
    is-typed-array: "npm:^1.1.3"
    which-typed-array: "npm:^1.1.2"
  checksum: b64a6d3e8ab48037b0f3fb38b6df96e180ab8c430d49386be8444fa2402f26450239bc1fd13aa29c02f3165be380f01aaf88eadb284e77f14df63664a5536e92
  languageName: node
  linkType: hard

"uuid@npm:8.0.0":
  version: 8.0.0
  resolution: "uuid@npm:8.0.0"
  bin:
    uuid: dist/bin/uuid
  checksum: 9227738621263f66c5241bb82b66b59d648579ee4da79ad96cae0dc4a9255f293dd6741fe24a7e38693829e15576988d55f5d36e37a291d2da0596883b748cb0
  languageName: node
  linkType: hard

"v8-compile-cache-lib@npm:^3.0.1":
  version: 3.0.1
  resolution: "v8-compile-cache-lib@npm:3.0.1"
  checksum: 0ebe342e7f20816fd5d323affd77f60ea65810ef60beecafbb06397870b18b3d6cb76412721e23603f603fcf5b1f3b37e2844adf15e9b708dbd6404f01884b23
  languageName: node
  linkType: hard

"which-typed-array@npm:^1.1.2":
  version: 1.1.9
  resolution: "which-typed-array@npm:1.1.9"
  dependencies:
    available-typed-arrays: "npm:^1.0.5"
    call-bind: "npm:^1.0.2"
    for-each: "npm:^0.3.3"
    gopd: "npm:^1.0.1"
    has-tostringtag: "npm:^1.0.0"
    is-typed-array: "npm:^1.1.10"
  checksum: 09e7fe714cb797daf3a35f3499b9f7c969b1296ac0d40d68256f2b70f747a728ad5385b1fb3e7514e26bad3d5ca550a13a80e1a7b22b7e9e12872c46ecb6c4a7
  languageName: node
  linkType: hard

"xml2js@npm:0.4.19":
  version: 0.4.19
  resolution: "xml2js@npm:0.4.19"
  dependencies:
    sax: "npm:>=0.6.0"
    xmlbuilder: "npm:~9.0.1"
  checksum: e87c048df9b19865a45cbe0d2f17e85541899f69583a96235d40e11d5704bf4be64c7878ce1789fd88998a19542dd071bdcb165fcad280111a84a3e07b7652ed
  languageName: node
  linkType: hard

"xmlbuilder@npm:~9.0.1":
  version: 9.0.7
  resolution: "xmlbuilder@npm:9.0.7"
  checksum: 60655b10dfae8b8eeb7fdd25b0aae33cceabedcfb45b61a090c9ce07d3e8800146fc78cd6513e3e2f2697b9ff19bf60a695cf9d3818147e6dd2fb4db5cdb0065
  languageName: node
  linkType: hard

"yn@npm:3.1.1":
  version: 3.1.1
  resolution: "yn@npm:3.1.1"
  checksum: 890a9ce10f1f6691316f521444dcdc2d012dbfba423ec2252444dab5888def4ee48751304e51302c6d14197a1e9407256153a357c955bff1d659df592cfda456
  languageName: node
  linkType: hard
